
Microsoft Visual Studio Solution File, Format Version 9.00
# Visual Studio 2005
Project("{8BC9CEB8-8B4A-11D0-8D11-00A0C91BC942}") = "出栈序列统计", "出栈序列统计\出栈序列统计.vcproj", "{C7A70A96-95A4-44E7-AACD-41E21D29E11E}"
EndProject
Global
	GlobalSection(SolutionConfigurationPlatforms) = preSolution
		Debug|Win32 = Debug|Win32
		Release|Win32 = Release|Win32
	EndGlobalSection
	GlobalSection(ProjectConfigurationPlatforms) = postSolution
		{C7A70A96-95A4-44E7-AACD-41E21D29E11E}.Debug|Win32.ActiveCfg = Debug|Win32
		{C7A70A96-95A4-44E7-AACD-41E21D29E11E}.Debug|Win32.Build.0 = Debug|Win32
		{C7A70A96-95A4-44E7-AACD-41E21D29E11E}.Release|Win32.ActiveCfg = Release|Win32
		{C7A70A96-95A4-44E7-AACD-41E21D29E11E}.Release|Win32.Build.0 = Release|Win32
	EndGlobalSection
	GlobalSection(SolutionProperties) = preSolution
		HideSolutionNode = FALSE
	EndGlobalSection
EndGlobal
