
Microsoft Visual Studio Solution File, Format Version 9.00
# Visual Studio 2005
Project("{8BC9CEB8-8B4A-11D0-8D11-00A0C91BC942}") = "20150827大整数乘法", "20150827大整数乘法\20150827大整数乘法.vcproj", "{5E57253E-D113-42C2-90FE-35BFE9FC3441}"
EndProject
Global
	GlobalSection(SolutionConfigurationPlatforms) = preSolution
		Debug|Win32 = Debug|Win32
		Release|Win32 = Release|Win32
	EndGlobalSection
	GlobalSection(ProjectConfigurationPlatforms) = postSolution
		{5E57253E-D113-42C2-90FE-35BFE9FC3441}.Debug|Win32.ActiveCfg = Debug|Win32
		{5E57253E-D113-42C2-90FE-35BFE9FC3441}.Debug|Win32.Build.0 = Debug|Win32
		{5E57253E-D113-42C2-90FE-35BFE9FC3441}.Release|Win32.ActiveCfg = Release|Win32
		{5E57253E-D113-42C2-90FE-35BFE9FC3441}.Release|Win32.Build.0 = Release|Win32
	EndGlobalSection
	GlobalSection(SolutionProperties) = preSolution
		HideSolutionNode = FALSE
	EndGlobalSection
EndGlobal
